
Microsoft Visual Studio Solution File, Format Version 12.00
# Visual Studio Version 16
VisualStudioVersion = 16.0.31229.75
MinimumVisualStudioVersion = 10.0.40219.1
Project("{9A19103F-16F7-4668-BE54-9A1E7A4F7556}") = "Task_5", "Task_5\Task_5.csproj", "{13C580AC-1174-4143-87B6-5DDF9EBCDF74}"
EndProject
Project("{9A19103F-16F7-4668-BE54-9A1E7A4F7556}") = "Task_5.DAL", "Task_5.DAL\Task_5.DAL.csproj", "{A2C5F394-F354-4D51-A9BC-3ED6BF2384D9}"
EndProject
Project("{9A19103F-16F7-4668-BE54-9A1E7A4F7556}") = "Task_5.BLL", "Task_5.BLL\Task_5.BLL.csproj", "{3F0BD740-7760-423F-856D-1DF584E66DB6}"
EndProject
Project("{FAE04EC0-301F-11D3-BF4B-00C04F79EFBC}") = "TestProject1", "TestProject1\TestProject1.csproj", "{7CBF15EB-8A29-422B-89BB-31046BB111CD}"
EndProject
Global
	GlobalSection(SolutionConfigurationPlatforms) = preSolution
		Debug|Any CPU = Debug|Any CPU
		Release|Any CPU = Release|Any CPU
	EndGlobalSection
	GlobalSection(ProjectConfigurationPlatforms) = postSolution
		{13C580AC-1174-4143-87B6-5DDF9EBCDF74}.Debug|Any CPU.ActiveCfg = Debug|Any CPU
		{13C580AC-1174-4143-87B6-5DDF9EBCDF74}.Debug|Any CPU.Build.0 = Debug|Any CPU
		{13C580AC-1174-4143-87B6-5DDF9EBCDF74}.Release|Any CPU.ActiveCfg = Release|Any CPU
		{13C580AC-1174-4143-87B6-5DDF9EBCDF74}.Release|Any CPU.Build.0 = Release|Any CPU
		{A2C5F394-F354-4D51-A9BC-3ED6BF2384D9}.Debug|Any CPU.ActiveCfg = Debug|Any CPU
		{A2C5F394-F354-4D51-A9BC-3ED6BF2384D9}.Debug|Any CPU.Build.0 = Debug|Any CPU
		{A2C5F394-F354-4D51-A9BC-3ED6BF2384D9}.Release|Any CPU.ActiveCfg = Release|Any CPU
		{A2C5F394-F354-4D51-A9BC-3ED6BF2384D9}.Release|Any CPU.Build.0 = Release|Any CPU
		{3F0BD740-7760-423F-856D-1DF584E66DB6}.Debug|Any CPU.ActiveCfg = Debug|Any CPU
		{3F0BD740-7760-423F-856D-1DF584E66DB6}.Debug|Any CPU.Build.0 = Debug|Any CPU
		{3F0BD740-7760-423F-856D-1DF584E66DB6}.Release|Any CPU.ActiveCfg = Release|Any CPU
		{3F0BD740-7760-423F-856D-1DF584E66DB6}.Release|Any CPU.Build.0 = Release|Any CPU
		{7CBF15EB-8A29-422B-89BB-31046BB111CD}.Debug|Any CPU.ActiveCfg = Debug|Any CPU
		{7CBF15EB-8A29-422B-89BB-31046BB111CD}.Debug|Any CPU.Build.0 = Debug|Any CPU
		{7CBF15EB-8A29-422B-89BB-31046BB111CD}.Release|Any CPU.ActiveCfg = Release|Any CPU
		{7CBF15EB-8A29-422B-89BB-31046BB111CD}.Release|Any CPU.Build.0 = Release|Any CPU
	EndGlobalSection
	GlobalSection(SolutionProperties) = preSolution
		HideSolutionNode = FALSE
	EndGlobalSection
	GlobalSection(ExtensibilityGlobals) = postSolution
		SolutionGuid = {6EDD20EE-5575-4DC5-BB2A-6C9900D5C0E0}
	EndGlobalSection
EndGlobal
